// !$*UTF8*$!
{
	archiveVersion = 1;
	classes = {
	};
	objectVersion = 56;
	objects = {

/* Begin PBXBuildFile section */
		BAA44C9D2B71FEA300C4C6F7 /* TlayudasView.swift in Sources */ = {isa = PBXBuildFile; fileRef = BAA44C9C2B71FEA300C4C6F7 /* TlayudasView.swift */; };
		BAA44C9F2B720A5A00C4C6F7 /* ChocolateView.swift in Sources */ = {isa = PBXBuildFile; fileRef = BAA44C9E2B720A5A00C4C6F7 /* ChocolateView.swift */; };
		BAA44CA12B720A8600C4C6F7 /* MezcalView.swift in Sources */ = {isa = PBXBuildFile; fileRef = BAA44CA02B720A8600C4C6F7 /* MezcalView.swift */; };
		BAA44CA32B720AA600C4C6F7 /* MoleView.swift in Sources */ = {isa = PBXBuildFile; fileRef = BAA44CA22B720AA600C4C6F7 /* MoleView.swift */; };
		BAA44CA52B720ABF00C4C6F7 /* PozoleView.swift in Sources */ = {isa = PBXBuildFile; fileRef = BAA44CA42B720ABF00C4C6F7 /* PozoleView.swift */; };
		BAB4E5222B6C15B400B18875 /* Practica2App.swift in Sources */ = {isa = PBXBuildFile; fileRef = BAB4E5212B6C15B400B18875 /* Practica2App.swift */; };
		BAB4E5242B6C15B400B18875 /* ContentView.swift in Sources */ = {isa = PBXBuildFile; fileRef = BAB4E5232B6C15B400B18875 /* ContentView.swift */; };
		BAB4E5262B6C15B500B18875 /* Assets.xcassets in Resources */ = {isa = PBXBuildFile; fileRef = BAB4E5252B6C15B500B18875 /* Assets.xcassets */; };
		BAB4E5292B6C15B500B18875 /* Preview Assets.xcassets in Resources */ = {isa = PBXBuildFile; fileRef = BAB4E5282B6C15B500B18875 /* Preview Assets.xcassets */; };
/* End PBXBuildFile section */

/* Begin PBXFileReference section */
		BAA44C9C2B71FEA300C4C6F7 /* TlayudasView.swift */ = {isa = PBXFileReference; lastKnownFileType = sourcecode.swift; path = TlayudasView.swift; sourceTree = "<group>"; };
		BAA44C9E2B720A5A00C4C6F7 /* ChocolateView.swift */ = {isa = PBXFileReference; lastKnownFileType = sourcecode.swift; path = ChocolateView.swift; sourceTree = "<group>"; };
		BAA44CA02B720A8600C4C6F7 /* MezcalView.swift */ = {isa = PBXFileReference; lastKnownFileType = sourcecode.swift; path = MezcalView.swift; sourceTree = "<group>"; };
		BAA44CA22B720AA600C4C6F7 /* MoleView.swift */ = {isa = PBXFileReference; lastKnownFileType = sourcecode.swift; path = MoleView.swift; sourceTree = "<group>"; };
		BAA44CA42B720ABF00C4C6F7 /* PozoleView.swift */ = {isa = PBXFileReference; lastKnownFileType = sourcecode.swift; path = PozoleView.swift; sourceTree = "<group>"; };
		BAB4E51E2B6C15B400B18875 /* Practica2.app */ = {isa = PBXFileReference; explicitFileType = wrapper.application; includeInIndex = 0; path = Practica2.app; sourceTree = BUILT_PRODUCTS_DIR; };
		BAB4E5212B6C15B400B18875 /* Practica2App.swift */ = {isa = PBXFileReference; lastKnownFileType = sourcecode.swift; path = Practica2App.swift; sourceTree = "<group>"; };
		BAB4E5232B6C15B400B18875 /* ContentView.swift */ = {isa = PBXFileReference; lastKnownFileType = sourcecode.swift; path = ContentView.swift; sourceTree = "<group>"; };
		BAB4E5252B6C15B500B18875 /* Assets.xcassets */ = {isa = PBXFileReference; lastKnownFileType = folder.assetcatalog; path = Assets.xcassets; sourceTree = "<group>"; };
		BAB4E5282B6C15B500B18875 /* Preview Assets.xcassets */ = {isa = PBXFileReference; lastKnownFileType = folder.assetcatalog; path = "Preview Assets.xcassets"; sourceTree = "<group>"; };
/* End PBXFileReference section */

/* Begin PBXFrameworksBuildPhase section */
		BAB4E51B2B6C15B400B18875 /* Frameworks */ = {
			isa = PBXFrameworksBuildPhase;
			buildActionMask = 2147483647;
			files = (
			);
			runOnlyForDeploymentPostprocessing = 0;
		};
/* End PBXFrameworksBuildPhase section */

/* Begin PBXGroup section */
		BAB4E5152B6C15B400B18875 = {
			isa = PBXGroup;
			children = (
				BAB4E5202B6C15B400B18875 /* Practica2 */,
				BAB4E51F2B6C15B400B18875 /* Products */,
			);
			sourceTree = "<group>";
		};
		BAB4E51F2B6C15B400B18875 /* Products */ = {
			isa = PBXGroup;
			children = (
				BAB4E51E2B6C15B400B18875 /* Practica2.app */,
			);
			name = Products;
			sourceTree = "<group>";
		};
		BAB4E5202B6C15B400B18875 /* Practica2 */ = {
			isa = PBXGroup;
			children = (
				BAB4E5212B6C15B400B18875 /* Practica2App.swift */,
				BAB4E5232B6C15B400B18875 /* ContentView.swift */,
				BAA44CA42B720ABF00C4C6F7 /* PozoleView.swift */,
				BAA44CA22B720AA600C4C6F7 /* MoleView.swift */,
				BAA44CA02B720A8600C4C6F7 /* MezcalView.swift */,
				BAA44C9E2B720A5A00C4C6F7 /* ChocolateView.swift */,
				BAA44C9C2B71FEA300C4C6F7 /* TlayudasView.swift */,
				BAB4E5252B6C15B500B18875 /* Assets.xcassets */,
				BAB4E5272B6C15B500B18875 /* Preview Content */,
			);
			path = Practica2;
			sourceTree = "<group>";
		};
		BAB4E5272B6C15B500B18875 /* Preview Content */ = {
			isa = PBXGroup;
			children = (
				BAB4E5282B6C15B500B18875 /* Preview Assets.xcassets */,
			);
			path = "Preview Content";
			sourceTree = "<group>";
		};
/* End PBXGroup section */

/* Begin PBXNativeTarget section */
		BAB4E51D2B6C15B400B18875 /* Practica2 */ = {
			isa = PBXNativeTarget;
			buildConfigurationList = BAB4E52C2B6C15B500B18875 /* Build configuration list for PBXNativeTarget "Practica2" */;
			buildPhases = (
				BAB4E51A2B6C15B400B18875 /* Sources */,
				BAB4E51B2B6C15B400B18875 /* Frameworks */,
				BAB4E51C2B6C15B400B18875 /* Resources */,
			);
			buildRules = (
			);
			dependencies = (
			);
			name = Practica2;
			productName = Practica2;
			productReference = BAB4E51E2B6C15B400B18875 /* Practica2.app */;
			productType = "com.apple.product-type.application";
		};
/* End PBXNativeTarget section */

/* Begin PBXProject section */
		BAB4E5162B6C15B400B18875 /* Project object */ = {
			isa = PBXProject;
			attributes = {
				BuildIndependentTargetsInParallel = 1;
				LastSwiftUpdateCheck = 1520;
				LastUpgradeCheck = 1520;
				TargetAttributes = {
					BAB4E51D2B6C15B400B18875 = {
						CreatedOnToolsVersion = 15.2;
					};
				};
			};
			buildConfigurationList = BAB4E5192B6C15B400B18875 /* Build configuration list for PBXProject "Practica2" */;
			compatibilityVersion = "Xcode 14.0";
			developmentRegion = en;
			hasScannedForEncodings = 0;
			knownRegions = (
				en,
				Base,
			);
			mainGroup = BAB4E5152B6C15B400B18875;
			productRefGroup = BAB4E51F2B6C15B400B18875 /* Products */;
			projectDirPath = "";
			projectRoot = "";
			targets = (
				BAB4E51D2B6C15B400B18875 /* Practica2 */,
			);
		};
/* End PBXProject section */

/* Begin PBXResourcesBuildPhase section */
		BAB4E51C2B6C15B400B18875 /* Resources */ = {
			isa = PBXResourcesBuildPhase;
			buildActionMask = 2147483647;
			files = (
				BAB4E5292B6C15B500B18875 /* Preview Assets.xcassets in Resources */,
				BAB4E5262B6C15B500B18875 /* Assets.xcassets in Resources */,
			);
			runOnlyForDeploymentPostprocessing = 0;
		};
/* End PBXResourcesBuildPhase section */

/* Begin PBXSourcesBuildPhase section */
		BAB4E51A2B6C15B400B18875 /* Sources */ = {
			isa = PBXSourcesBuildPhase;
			buildActionMask = 2147483647;
			files = (
				BAB4E5242B6C15B400B18875 /* ContentView.swift in Sources */,
				BAA44CA32B720AA600C4C6F7 /* MoleView.swift in Sources */,
				BAB4E5222B6C15B400B18875 /* Practica2App.swift in Sources */,
				BAA44C9F2B720A5A00C4C6F7 /* ChocolateView.swift in Sources */,
				BAA44C9D2B71FEA300C4C6F7 /* TlayudasView.swift in Sources */,
				BAA44CA52B720ABF00C4C6F7 /* PozoleView.swift in Sources */,
				BAA44CA12B720A8600C4C6F7 /* MezcalView.swift in Sources */,
			);
			runOnlyForDeploymentPostprocessing = 0;
		};
/* End PBXSourcesBuildPhase section */

/* Begin XCBuildConfiguration section */
		BAB4E52A2B6C15B500B18875 /* Debug */ = {
			isa = XCBuildConfiguration;
			buildSettings = {
				ALWAYS_SEARCH_USER_PATHS = NO;
				ASSETCATALOG_COMPILER_GENERATE_SWIFT_ASSET_SYMBOL_EXTENSIONS = YES;
				CLANG_ANALYZER_NONNULL = YES;
				CLANG_ANALYZER_NUMBER_OBJECT_CONVERSION = YES_AGGRESSIVE;
				CLANG_CXX_LANGUAGE_STANDARD = "gnu++20";
				CLANG_ENABLE_MODULES = YES;
				CLANG_ENABLE_OBJC_ARC = YES;
				CLANG_ENABLE_OBJC_WEAK = YES;
				CLANG_WARN_BLOCK_CAPTURE_AUTORELEASING = YES;
				CLANG_WARN_BOOL_CONVERSION = YES;
				CLANG_WARN_COMMA = YES;
				CLANG_WARN_CONSTANT_CONVERSION = YES;
				CLANG_WARN_DEPRECATED_OBJC_IMPLEMENTATIONS = YES;
				CLANG_WARN_DIRECT_OBJC_ISA_USAGE = YES_ERROR;
				CLANG_WARN_DOCUMENTATION_COMMENTS = YES;
				CLANG_WARN_EMPTY_BODY = YES;
				CLANG_WARN_ENUM_CONVERSION = YES;
				CLANG_WARN_INFINITE_RECURSION = YES;
				CLANG_WARN_INT_CONVERSION = YES;
				CLANG_WARN_NON_LITERAL_NULL_CONVERSION = YES;
				CLANG_WARN_OBJC_IMPLICIT_RETAIN_SELF = YES;
				CLANG_WARN_OBJC_LITERAL_CONVERSION = YES;
				CLANG_WARN_OBJC_ROOT_CLASS = YES_ERROR;
				CLANG_WARN_QUOTED_INCLUDE_IN_FRAMEWORK_HEADER = YES;
				CLANG_WARN_RANGE_LOOP_ANALYSIS = YES;
				CLANG_WARN_STRICT_PROTOTYPES = YES;
				CLANG_WARN_SUSPICIOUS_MOVE = YES;
				CLANG_WARN_UNGUARDED_AVAILABILITY = YES_AGGRESSIVE;
				CLANG_WARN_UNREACHABLE_CODE = YES;
				CLANG_WARN__DUPLICATE_METHOD_MATCH = YES;
				COPY_PHASE_STRIP = NO;
				DEBUG_INFORMATION_FORMAT = dwarf;
				ENABLE_STRICT_OBJC_MSGSEND = YES;
				ENABLE_TESTABILITY = YES;
				ENABLE_USER_SCRIPT_SANDBOXING = YES;
				GCC_C_LANGUAGE_STANDARD = gnu17;
				GCC_DYNAMIC_NO_PIC = NO;
				GCC_NO_COMMON_BLOCKS = YES;
				GCC_OPTIMIZATION_LEVEL = 0;
				GCC_PREPROCESSOR_DEFINITIONS = (
					"DEBUG=1",
					"$(inherited)",
				);
				GCC_WARN_64_TO_32_BIT_CONVERSION = YES;
				GCC_WARN_ABOUT_RETURN_TYPE = YES_ERROR;
				GCC_WARN_UNDECLARED_SELECTOR = YES;
				GCC_WARN_UNINITIALIZED_AUTOS = YES_AGGRESSIVE;
				GCC_WARN_UNUSED_FUNCTION = YES;
				GCC_WARN_UNUSED_VARIABLE = YES;
				IPHONEOS_DEPLOYMENT_TARGET = 17.2;
				LOCALIZATION_PREFERS_STRING_CATALOGS = YES;
				MTL_ENABLE_DEBUG_INFO = INCLUDE_SOURCE;
				MTL_FAST_MATH = YES;
				ONLY_ACTIVE_ARCH = YES;
				SDKROOT = iphoneos;
				SWIFT_ACTIVE_COMPILATION_CONDITIONS = "DEBUG $(inherited)";
				SWIFT_OPTIMIZATION_LEVEL = "-Onone";
			};
			name = Debug;
		};
		BAB4E52B2B6C15B500B18875 /* Release */ = {
			isa = XCBuildConfiguration;
			buildSettings = {
				ALWAYS_SEARCH_USER_PATHS = NO;
				ASSETCATALOG_COMPILER_GENERATE_SWIFT_ASSET_SYMBOL_EXTENSIONS = YES;
				CLANG_ANALYZER_NONNULL = YES;
				CLANG_ANALYZER_NUMBER_OBJECT_CONVERSION = YES_AGGRESSIVE;
				CLANG_CXX_LANGUAGE_STANDARD = "gnu++20";
				CLANG_ENABLE_MODULES = YES;
				CLANG_ENABLE_OBJC_ARC = YES;
				CLANG_ENABLE_OBJC_WEAK = YES;
				CLANG_WARN_BLOCK_CAPTURE_AUTORELEASING = YES;
				CLANG_WARN_BOOL_CONVERSION = YES;
				CLANG_WARN_COMMA = YES;
				CLANG_WARN_CONSTANT_CONVERSION = YES;
				CLANG_WARN_DEPRECATED_OBJC_IMPLEMENTATIONS = YES;
				CLANG_WARN_DIRECT_OBJC_ISA_USAGE = YES_ERROR;
				CLANG_WARN_DOCUMENTATION_COMMENTS = YES;
				CLANG_WARN_EMPTY_BODY = YES;
				CLANG_WARN_ENUM_CONVERSION = YES;
				CLANG_WARN_INFINITE_RECURSION = YES;
				CLANG_WARN_INT_CONVERSION = YES;
				CLANG_WARN_NON_LITERAL_NULL_CONVERSION = YES;
				CLANG_WARN_OBJC_IMPLICIT_RETAIN_SELF = YES;
				CLANG_WARN_OBJC_LITERAL_CONVERSION = YES;
				CLANG_WARN_OBJC_ROOT_CLASS = YES_ERROR;
				CLANG_WARN_QUOTED_INCLUDE_IN_FRAMEWORK_HEADER = YES;
				CLANG_WARN_RANGE_LOOP_ANALYSIS = YES;
				CLANG_WARN_STRICT_PROTOTYPES = YES;
				CLANG_WARN_SUSPICIOUS_MOVE = YES;
				CLANG_WARN_UNGUARDED_AVAILABILITY = YES_AGGRESSIVE;
				CLANG_WARN_UNREACHABLE_CODE = YES;
				CLANG_WARN__DUPLICATE_METHOD_MATCH = YES;
				COPY_PHASE_STRIP = NO;
				DEBUG_INFORMATION_FORMAT = "dwarf-with-dsym";
				ENABLE_NS_ASSERTIONS = NO;
				ENABLE_STRICT_OBJC_MSGSEND = YES;
				ENABLE_USER_SCRIPT_SANDBOXING = YES;
				GCC_C_LANGUAGE_STANDARD = gnu17;
				GCC_NO_COMMON_BLOCKS = YES;
				GCC_WARN_64_TO_32_BIT_CONVERSION = YES;
				GCC_WARN_ABOUT_RETURN_TYPE = YES_ERROR;
				GCC_WARN_UNDECLARED_SELECTOR = YES;
				GCC_WARN_UNINITIALIZED_AUTOS = YES_AGGRESSIVE;
				GCC_WARN_UNUSED_FUNCTION = YES;
				GCC_WARN_UNUSED_VARIABLE = YES;
				IPHONEOS_DEPLOYMENT_TARGET = 17.2;
				LOCALIZATION_PREFERS_STRING_CATALOGS = YES;
				MTL_ENABLE_DEBUG_INFO = NO;
				MTL_FAST_MATH = YES;
				SDKROOT = iphoneos;
				SWIFT_COMPILATION_MODE = wholemodule;
				VALIDATE_PRODUCT = YES;
			};
			name = Release;
		};
		BAB4E52D2B6C15B500B18875 /* Debug */ = {
			isa = XCBuildConfiguration;
			buildSettings = {
				ASSETCATALOG_COMPILER_APPICON_NAME = AppIcon;
				ASSETCATALOG_COMPILER_GLOBAL_ACCENT_COLOR_NAME = AccentColor;
				CODE_SIGN_STYLE = Automatic;
				CURRENT_PROJECT_VERSION = 1;
				DEVELOPMENT_ASSET_PATHS = "\"Practica2/Preview Content\"";
				DEVELOPMENT_TEAM = 8W787W3FG5;
				ENABLE_PREVIEWS = YES;
				GENERATE_INFOPLIST_FILE = YES;
				INFOPLIST_KEY_UIApplicationSceneManifest_Generation = YES;
				INFOPLIST_KEY_UIApplicationSupportsIndirectInputEvents = YES;
				INFOPLIST_KEY_UILaunchScreen_Generation = YES;
				INFOPLIST_KEY_UISupportedInterfaceOrientations_iPad = "UIInterfaceOrientationPortrait UIInterfaceOrientationPortraitUpsideDown UIInterfaceOrientationLandscapeLeft UIInterfaceOrientationLandscapeRight";
				INFOPLIST_KEY_UISupportedInterfaceOrientations_iPhone = "UIInterfaceOrientationPortrait UIInterfaceOrientationLandscapeLeft UIInterfaceOrientationLandscapeRight";
				LD_RUNPATH_SEARCH_PATHS = (
					"$(inherited)",
					"@executable_path/Frameworks",
				);
				MARKETING_VERSION = 1.0;
				PRODUCT_BUNDLE_IDENTIFIER = Udlap.Practica2;
				PRODUCT_NAME = "$(TARGET_NAME)";
				SWIFT_EMIT_LOC_STRINGS = YES;
				SWIFT_VERSION = 5.0;
				TARGETED_DEVICE_FAMILY = "1,2";
			};
			name = Debug;
		};
		BAB4E52E2B6C15B500B18875 /* Release */ = {
			isa = XCBuildConfiguration;
			buildSettings = {
				ASSETCATALOG_COMPILER_APPICON_NAME = AppIcon;
				ASSETCATALOG_COMPILER_GLOBAL_ACCENT_COLOR_NAME = AccentColor;
				CODE_SIGN_STYLE = Automatic;
				CURRENT_PROJECT_VERSION = 1;
				DEVELOPMENT_ASSET_PATHS = "\"Practica2/Preview Content\"";
				DEVELOPMENT_TEAM = 8W787W3FG5;
				ENABLE_PREVIEWS = YES;
				GENERATE_INFOPLIST_FILE = YES;
				INFOPLIST_KEY_UIApplicationSceneManifest_Generation = YES;
				INFOPLIST_KEY_UIApplicationSupportsIndirectInputEvents = YES;
				INFOPLIST_KEY_UILaunchScreen_Generation = YES;
				INFOPLIST_KEY_UISupportedInterfaceOrientations_iPad = "UIInterfaceOrientationPortrait UIInterfaceOrientationPortraitUpsideDown UIInterfaceOrientationLandscapeLeft UIInterfaceOrientationLandscapeRight";
				INFOPLIST_KEY_UISupportedInterfaceOrientations_iPhone = "UIInterfaceOrientationPortrait UIInterfaceOrientationLandscapeLeft UIInterfaceOrientationLandscapeRight";
				LD_RUNPATH_SEARCH_PATHS = (
					"$(inherited)",
					"@executable_path/Frameworks",
				);
				MARKETING_VERSION = 1.0;
				PRODUCT_BUNDLE_IDENTIFIER = Udlap.Practica2;
				PRODUCT_NAME = "$(TARGET_NAME)";
				SWIFT_EMIT_LOC_STRINGS = YES;
				SWIFT_VERSION = 5.0;
				TARGETED_DEVICE_FAMILY = "1,2";
			};
			name = Release;
		};
/* End XCBuildConfiguration section */

/* Begin XCConfigurationList section */
		BAB4E5192B6C15B400B18875 /* Build configuration list for PBXProject "Practica2" */ = {
			isa = XCConfigurationList;
			buildConfigurations = (
				BAB4E52A2B6C15B500B18875 /* Debug */,
				BAB4E52B2B6C15B500B18875 /* Release */,
			);
			defaultConfigurationIsVisible = 0;
			defaultConfigurationName = Release;
		};
		BAB4E52C2B6C15B500B18875 /* Build configuration list for PBXNativeTarget "Practica2" */ = {
			isa = XCConfigurationList;
			buildConfigurations = (
				BAB4E52D2B6C15B500B18875 /* Debug */,
				BAB4E52E2B6C15B500B18875 /* Release */,
			);
			defaultConfigurationIsVisible = 0;
			defaultConfigurationName = Release;
		};
/* End XCConfigurationList section */
	};
	rootObject = BAB4E5162B6C15B400B18875 /* Project object */;
}
